
Microsoft Visual Studio Solution File, Format Version 12.00
# Visual Studio Version 17
VisualStudioVersion = 17.8.34322.80
MinimumVisualStudioVersion = 10.0.40219.1
Project("{FAE04EC0-301F-11D3-BF4B-00C04F79EFBC}") = "FoodDelivery", "FoodDelivery.csproj", "{3D85625A-2219-4856-8D5C-C808AA919ABB}"
EndProject
Global
	GlobalSection(SolutionConfigurationPlatforms) = preSolution
		Debug|Any CPU = Debug|Any CPU
		Release|Any CPU = Release|Any CPU
	EndGlobalSection
	GlobalSection(ProjectConfigurationPlatforms) = postSolution
		{3D85625A-2219-4856-8D5C-C808AA919ABB}.Debug|Any CPU.ActiveCfg = Debug|Any CPU
		{3D85625A-2219-4856-8D5C-C808AA919ABB}.Debug|Any CPU.Build.0 = Debug|Any CPU
		{3D85625A-2219-4856-8D5C-C808AA919ABB}.Release|Any CPU.ActiveCfg = Release|Any CPU
		{3D85625A-2219-4856-8D5C-C808AA919ABB}.Release|Any CPU.Build.0 = Release|Any CPU
	EndGlobalSection
	GlobalSection(SolutionProperties) = preSolution
		HideSolutionNode = FALSE
	EndGlobalSection
	GlobalSection(ExtensibilityGlobals) = postSolution
		SolutionGuid = {E674475C-1898-4ACE-8CAE-57F2D2DBC0FC}
	EndGlobalSection
EndGlobal
